{
  "version": "5",
  "specifiers": {
    "jsr:@atty303/tsugiori@0.10.4": "0.10.4",
    "jsr:@eemeli/yaml@2.9.1": "2.9.1",
    "npm:jsonc-parser@3.3.1": "3.3.1"
  },
  "jsr": {
    "@atty303/tsugiori@0.10.4": {
      "integrity": "f7e21e90dc76c78b1dc65ed181c111b9c611a0292d9d23239575ed0294acdc61",
      "dependencies": [
        "jsr:@eemeli/yaml",
        "npm:jsonc-parser"
      ]
    },
    "@eemeli/yaml@2.9.1": {
      "integrity": "8987c5ee76629274c14b610d5eb0b6f71d08eafe0dd8b9d233aec69bbf9e705d"
    }
  },
  "npm": {
    "jsonc-parser@3.3.1": {
      "integrity": "sha512-HUgH65KyejrUFPvHFPbqOY0rsFip3Bo5wb4ngvdi1EpCYWUQDC5V+Y7mZws+DLkr4M//zQJoanu1SP+87Dv1oQ=="
    }
  },
  "workspace": {
    "dependencies": [
      "jsr:@atty303/tsugiori@0.10.4"
    ]
  }
}
