{
  "version": "5",
  "specifiers": {
    "jsr:@std/assert@^1.0.19": "1.0.19",
    "jsr:@std/internal@^1.0.12": "1.0.14",
    "jsr:@std/yaml@1.3.0": "1.3.0",
    "npm:jsonc-parser@3.3.1": "3.3.1"
  },
  "jsr": {
    "@std/assert@1.0.19": {
      "integrity": "eaada96ee120cb980bc47e040f82814d786fe8162ecc53c91d8df60b8755991e",
      "dependencies": [
        "jsr:@std/internal"
      ]
    },
    "@std/internal@1.0.14": {
      "integrity": "291516b3d4c35024d6ffbc0a9df5bf4c64116e05b50012cf846710152d2ffdf7"
    },
    "@std/yaml@1.3.0": {
      "integrity": "b250103854378b8b36cbff0fe95aec017d3d9ce86b489c67605180c602fb4922"
    }
  },
  "npm": {
    "jsonc-parser@3.3.1": {
      "integrity": "sha512-HUgH65KyejrUFPvHFPbqOY0rsFip3Bo5wb4ngvdi1EpCYWUQDC5V+Y7mZws+DLkr4M//zQJoanu1SP+87Dv1oQ=="
    }
  },
  "redirects": {
    "https://tsugiori.atty303.workers.dev/github/actions/actions/checkout@3d3c42e5aac5ba805825da76410c181273ba90b1": "https://tsugiori.atty303.workers.dev/_resolved/g1/3d3c42e5aac5ba805825da76410c181273ba90b1/github/actions/actions/checkout@3d3c42e5aac5ba805825da76410c181273ba90b1",
    "https://tsugiori.atty303.workers.dev/github/actions/atty303/repository-template/.github/actions/release@124ee84f8b01ac242d16b352f2d1e37627124724": "https://tsugiori.atty303.workers.dev/_resolved/g1/124ee84f8b01ac242d16b352f2d1e37627124724/github/actions/atty303/repository-template/.github/actions/release@124ee84f8b01ac242d16b352f2d1e37627124724",
    "https://tsugiori.atty303.workers.dev/github/actions/jdx/mise-action@c2a87611a18de5b3828c5652fe268e992400cb5c": "https://tsugiori.atty303.workers.dev/_resolved/g1/c2a87611a18de5b3828c5652fe268e992400cb5c/github/actions/jdx/mise-action@c2a87611a18de5b3828c5652fe268e992400cb5c"
  },
  "remote": {
    "https://tsugiori.atty303.workers.dev/_resolved/g1/124ee84f8b01ac242d16b352f2d1e37627124724/github/actions/atty303/repository-template/.github/actions/release@124ee84f8b01ac242d16b352f2d1e37627124724": "6e90ba22041d3400f2b34c89fd76114b65e29aebc9877f0ba788721b5a8823e8",
    "https://tsugiori.atty303.workers.dev/_resolved/g1/3d3c42e5aac5ba805825da76410c181273ba90b1/github/actions/actions/checkout@3d3c42e5aac5ba805825da76410c181273ba90b1": "fe5f472beaa6ef06bd8f8ffc181963ae521cae3545f35d1e06f91d19f1dc6aa8",
    "https://tsugiori.atty303.workers.dev/_resolved/g1/c2a87611a18de5b3828c5652fe268e992400cb5c/github/actions/jdx/mise-action@c2a87611a18de5b3828c5652fe268e992400cb5c": "85e5f81543e7a63a5daf6fa112cbcc132d90a38714846b6225f1ddb0d52a4fdf"
  },
  "workspace": {
    "dependencies": [
      "jsr:@std/assert@^1.0.19"
    ]
  }
}
